
Microsoft Visual Studio Solution File, Format Version 12.00
# Visual Studio Version 17
VisualStudioVersion = 17.10.34916.146
MinimumVisualStudioVersion = 10.0.40219.1
Project("{FAE04EC0-301F-11D3-BF4B-00C04F79EFBC}") = "CreditSuisse.Risk", "CreditSuisse.Risk\CreditSuisse.Risk.csproj", "{BCBB0639-EAFA-4D34-AD38-6DAA65258F70}"
EndProject
Project("{FAE04EC0-301F-11D3-BF4B-00C04F79EFBC}") = "CreditSuisse.Risk.Test", "CreditSuisse.Risk.Test\CreditSuisse.Risk.Test.csproj", "{EF220CB8-5514-4E85-8DDB-C0FC86B3302E}"
EndProject
Global
	GlobalSection(SolutionConfigurationPlatforms) = preSolution
		Debug|Any CPU = Debug|Any CPU
		Release|Any CPU = Release|Any CPU
	EndGlobalSection
	GlobalSection(ProjectConfigurationPlatforms) = postSolution
		{BCBB0639-EAFA-4D34-AD38-6DAA65258F70}.Debug|Any CPU.ActiveCfg = Debug|Any CPU
		{BCBB0639-EAFA-4D34-AD38-6DAA65258F70}.Debug|Any CPU.Build.0 = Debug|Any CPU
		{BCBB0639-EAFA-4D34-AD38-6DAA65258F70}.Release|Any CPU.ActiveCfg = Release|Any CPU
		{BCBB0639-EAFA-4D34-AD38-6DAA65258F70}.Release|Any CPU.Build.0 = Release|Any CPU
		{EF220CB8-5514-4E85-8DDB-C0FC86B3302E}.Debug|Any CPU.ActiveCfg = Debug|Any CPU
		{EF220CB8-5514-4E85-8DDB-C0FC86B3302E}.Debug|Any CPU.Build.0 = Debug|Any CPU
		{EF220CB8-5514-4E85-8DDB-C0FC86B3302E}.Release|Any CPU.ActiveCfg = Release|Any CPU
		{EF220CB8-5514-4E85-8DDB-C0FC86B3302E}.Release|Any CPU.Build.0 = Release|Any CPU
	EndGlobalSection
	GlobalSection(SolutionProperties) = preSolution
		HideSolutionNode = FALSE
	EndGlobalSection
	GlobalSection(ExtensibilityGlobals) = postSolution
		SolutionGuid = {301A6014-3E97-4364-9030-F01ECA44EB58}
	EndGlobalSection
EndGlobal
